
Microsoft Visual Studio Solution File, Format Version 12.00
# Visual Studio Version 17
VisualStudioVersion = 17.5.002.0
MinimumVisualStudioVersion = 10.0.40219.1
Project("{9A19103F-16F7-4668-BE54-9A1E7A4F7556}") = "Sharpub", "Sharpub.csproj", "{CD693722-0830-4324-B0FE-0CE20311FA83}"
EndProject
Global
	GlobalSection(SolutionConfigurationPlatforms) = preSolution
		Debug|Any CPU = Debug|Any CPU
		Release|Any CPU = Release|Any CPU
	EndGlobalSection
	GlobalSection(ProjectConfigurationPlatforms) = postSolution
		{CD693722-0830-4324-B0FE-0CE20311FA83}.Debug|Any CPU.ActiveCfg = Debug|Any CPU
		{CD693722-0830-4324-B0FE-0CE20311FA83}.Debug|Any CPU.Build.0 = Debug|Any CPU
		{CD693722-0830-4324-B0FE-0CE20311FA83}.Release|Any CPU.ActiveCfg = Release|Any CPU
		{CD693722-0830-4324-B0FE-0CE20311FA83}.Release|Any CPU.Build.0 = Release|Any CPU
	EndGlobalSection
	GlobalSection(SolutionProperties) = preSolution
		HideSolutionNode = FALSE
	EndGlobalSection
	GlobalSection(ExtensibilityGlobals) = postSolution
		SolutionGuid = {BFC42B6B-0ECF-4199-B906-7761042BE372}
	EndGlobalSection
EndGlobal
